# THIS IS AN AUTOGENERATED FILE. DO NOT EDIT THIS FILE DIRECTLY.
# yarn lockfile v1


"@mapbox/react-native-mapbox-gl@^6.1.3":
  version "6.1.3"
  resolved "https://registry.yarnpkg.com/@mapbox/react-native-mapbox-gl/-/react-native-mapbox-gl-6.1.3.tgz#b1105b86a54e6a9994870b23b177561f18e632f8"
  integrity sha512-nOqpMzS9YD8uyOaUxcVDnVcljA5tfDueiBSydjIts8hl5vKM4CYbslH9R7+nT4QT6gVLIDYHBcRuXwIHqYP5tg==
  dependencies:
    "@turf/helpers" "4.6.0"
    underscore "^1.8.3"

"@turf/helpers@4.6.0":
  version "4.6.0"
  resolved "https://registry.yarnpkg.com/@turf/helpers/-/helpers-4.6.0.tgz#12398733b8ae28420df6166fa44c7ee8ffd6414c"
  integrity sha1-EjmHM7iuKEIN9hZvpEx+6P/WQUw=

underscore@^1.8.3:
  version "1.9.1"
  resolved "https://registry.yarnpkg.com/underscore/-/underscore-1.9.1.tgz#06dce34a0e68a7babc29b365b8e74b8925203961"
  integrity sha512-5/4etnCkd9c8gwgowi5/om/mYO5ajCaOgdzj/oW+0eQV9WxKBDZw5+ycmKmeaTXjInS/W0BzpGLo2xR2aBwZdg==
